// !$*UTF8*$!
{
	archiveVersion = 1;
	classes = {
	};
	objectVersion = 77;
	objects = {

/* Begin PBXContainerItemProxy section */
		3C9A2D5E2DDE113A00A10D59 /* PBXContainerItemProxy */ = {
			isa = PBXContainerItemProxy;
			containerPortal = 3C9A2D482DDE113500A10D59 /* Project object */;
			proxyType = 1;
			remoteGlobalIDString = 3C9A2D4F2DDE113500A10D59;
			remoteInfo = MusicAI;
		};
		3C9A2D682DDE113A00A10D59 /* PBXContainerItemProxy */ = {
			isa = PBXContainerItemProxy;
			containerPortal = 3C9A2D482DDE113500A10D59 /* Project object */;
			proxyType = 1;
			remoteGlobalIDString = 3C9A2D4F2DDE113500A10D59;
			remoteInfo = MusicAI;
		};
/* End PBXContainerItemProxy section */

/* Begin PBXFileReference section */
		3C9A2D502DDE113500A10D59 /* MusicAI.app */ = {isa = PBXFileReference; explicitFileType = wrapper.application; includeInIndex = 0; path = MusicAI.app; sourceTree = BUILT_PRODUCTS_DIR; };
		3C9A2D5D2DDE113A00A10D59 /* MusicAITests.xctest */ = {isa = PBXFileReference; explicitFileType = wrapper.cfbundle; includeInIndex = 0; path = MusicAITests.xctest; sourceTree = BUILT_PRODUCTS_DIR; };
		3C9A2D672DDE113A00A10D59 /* MusicAIUITests.xctest */ = {isa = PBXFileReference; explicitFileType = wrapper.cfbundle; includeInIndex = 0; path = MusicAIUITests.xctest; sourceTree = BUILT_PRODUCTS_DIR; };
/* End PBXFileReference section */

/* Begin PBXFileSystemSynchronizedRootGroup section */
		3C9A2D522DDE113500A10D59 /* MusicAI */ = {
			isa = PBXFileSystemSynchronizedRootGroup;
			path = MusicAI;
			sourceTree = "<group>";
		};
		3C9A2D602DDE113A00A10D59 /* MusicAITests */ = {
			isa = PBXFileSystemSynchronizedRootGroup;
			path = MusicAITests;
			sourceTree = "<group>";
		};
		3C9A2D6A2DDE113A00A10D59 /* MusicAIUITests */ = {
			isa = PBXFileSystemSynchronizedRootGroup;
			path = MusicAIUITests;
			sourceTree = "<group>";
		};
/* End PBXFileSystemSynchronizedRootGroup section */

/* Begin PBXFrameworksBuildPhase section */
		3C9A2D4D2DDE113500A10D59 /* Frameworks */ = {
			isa = PBXFrameworksBuildPhase;
			buildActionMask = 2147483647;
			files = (
			);
			runOnlyForDeploymentPostprocessing = 0;
		};
		3C9A2D5A2DDE113A00A10D59 /* Frameworks */ = {
			isa = PBXFrameworksBuildPhase;
			buildActionMask = 2147483647;
			files = (
			);
			runOnlyForDeploymentPostprocessing = 0;
		};
		3C9A2D642DDE113A00A10D59 /* Frameworks */ = {
			isa = PBXFrameworksBuildPhase;
			buildActionMask = 2147483647;
			files = (
			);
			runOnlyForDeploymentPostprocessing = 0;
		};
/* End PBXFrameworksBuildPhase section */

/* Begin PBXGroup section */
		3C9A2D472DDE113500A10D59 = {
			isa = PBXGroup;
			children = (
				3C9A2D522DDE113500A10D59 /* MusicAI */,
				3C9A2D602DDE113A00A10D59 /* MusicAITests */,
				3C9A2D6A2DDE113A00A10D59 /* MusicAIUITests */,
				3C9A2D512DDE113500A10D59 /* Products */,
			);
			sourceTree = "<group>";
		};
		3C9A2D512DDE113500A10D59 /* Products */ = {
			isa = PBXGroup;
			children = (
				3C9A2D502DDE113500A10D59 /* MusicAI.app */,
				3C9A2D5D2DDE113A00A10D59 /* MusicAITests.xctest */,
				3C9A2D672DDE113A00A10D59 /* MusicAIUITests.xctest */,
			);
			name = Products;
			sourceTree = "<group>";
		};
/* End PBXGroup section */

/* Begin PBXNativeTarget section */
		3C9A2D4F2DDE113500A10D59 /* MusicAI */ = {
			isa = PBXNativeTarget;
			buildConfigurationList = 3C9A2D712DDE113A00A10D59 /* Build configuration list for PBXNativeTarget "MusicAI" */;
			buildPhases = (
				3C9A2D4C2DDE113500A10D59 /* Sources */,
				3C9A2D4D2DDE113500A10D59 /* Frameworks */,
				3C9A2D4E2DDE113500A10D59 /* Resources */,
			);
			buildRules = (
			);
			dependencies = (
			);
			fileSystemSynchronizedGroups = (
				3C9A2D522DDE113500A10D59 /* MusicAI */,
			);
			name = MusicAI;
			packageProductDependencies = (
			);
			productName = MusicAI;
			productReference = 3C9A2D502DDE113500A10D59 /* MusicAI.app */;
			productType = "com.apple.product-type.application";
		};
		3C9A2D5C2DDE113A00A10D59 /* MusicAITests */ = {
			isa = PBXNativeTarget;
			buildConfigurationList = 3C9A2D742DDE113A00A10D59 /* Build configuration list for PBXNativeTarget "MusicAITests" */;
			buildPhases = (
				3C9A2D592DDE113A00A10D59 /* Sources */,
				3C9A2D5A2DDE113A00A10D59 /* Frameworks */,
				3C9A2D5B2DDE113A00A10D59 /* Resources */,
			);
			buildRules = (
			);
			dependencies = (
				3C9A2D5F2DDE113A00A10D59 /* PBXTargetDependency */,
			);
			fileSystemSynchronizedGroups = (
				3C9A2D602DDE113A00A10D59 /* MusicAITests */,
			);
			name = MusicAITests;
			packageProductDependencies = (
			);
			productName = MusicAITests;
			productReference = 3C9A2D5D2DDE113A00A10D59 /* MusicAITests.xctest */;
			productType = "com.apple.product-type.bundle.unit-test";
		};
		3C9A2D662DDE113A00A10D59 /* MusicAIUITests */ = {
			isa = PBXNativeTarget;
			buildConfigurationList = 3C9A2D772DDE113A00A10D59 /* Build configuration list for PBXNativeTarget "MusicAIUITests" */;
			buildPhases = (
				3C9A2D632DDE113A00A10D59 /* Sources */,
				3C9A2D642DDE113A00A10D59 /* Frameworks */,
				3C9A2D652DDE113A00A10D59 /* Resources */,
			);
			buildRules = (
			);
			dependencies = (
				3C9A2D692DDE113A00A10D59 /* PBXTargetDependency */,
			);
			fileSystemSynchronizedGroups = (
				3C9A2D6A2DDE113A00A10D59 /* MusicAIUITests */,
			);
			name = MusicAIUITests;
			packageProductDependencies = (
			);
			productName = MusicAIUITests;
			productReference = 3C9A2D672DDE113A00A10D59 /* MusicAIUITests.xctest */;
			productType = "com.apple.product-type.bundle.ui-testing";
		};
/* End PBXNativeTarget section */

/* Begin PBXProject section */
		3C9A2D482DDE113500A10D59 /* Project object */ = {
			isa = PBXProject;
			attributes = {
				BuildIndependentTargetsInParallel = 1;
				LastSwiftUpdateCheck = 1630;
				LastUpgradeCheck = 1630;
				TargetAttributes = {
					3C9A2D4F2DDE113500A10D59 = {
						CreatedOnToolsVersion = 16.3;
					};
					3C9A2D5C2DDE113A00A10D59 = {
						CreatedOnToolsVersion = 16.3;
						TestTargetID = 3C9A2D4F2DDE113500A10D59;
					};
					3C9A2D662DDE113A00A10D59 = {
						CreatedOnToolsVersion = 16.3;
						TestTargetID = 3C9A2D4F2DDE113500A10D59;
					};
				};
			};
			buildConfigurationList = 3C9A2D4B2DDE113500A10D59 /* Build configuration list for PBXProject "MusicAI" */;
			developmentRegion = en;
			hasScannedForEncodings = 0;
			knownRegions = (
				en,
				Base,
			);
			mainGroup = 3C9A2D472DDE113500A10D59;
			minimizedProjectReferenceProxies = 1;
			preferredProjectObjectVersion = 77;
			productRefGroup = 3C9A2D512DDE113500A10D59 /* Products */;
			projectDirPath = "";
			projectRoot = "";
			targets = (
				3C9A2D4F2DDE113500A10D59 /* MusicAI */,
				3C9A2D5C2DDE113A00A10D59 /* MusicAITests */,
				3C9A2D662DDE113A00A10D59 /* MusicAIUITests */,
			);
		};
/* End PBXProject section */

/* Begin PBXResourcesBuildPhase section */
		3C9A2D4E2DDE113500A10D59 /* Resources */ = {
			isa = PBXResourcesBuildPhase;
			buildActionMask = 2147483647;
			files = (
			);
			runOnlyForDeploymentPostprocessing = 0;
		};
		3C9A2D5B2DDE113A00A10D59 /* Resources */ = {
			isa = PBXResourcesBuildPhase;
			buildActionMask = 2147483647;
			files = (
			);
			runOnlyForDeploymentPostprocessing = 0;
		};
		3C9A2D652DDE113A00A10D59 /* Resources */ = {
			isa = PBXResourcesBuildPhase;
			buildActionMask = 2147483647;
			files = (
			);
			runOnlyForDeploymentPostprocessing = 0;
		};
/* End PBXResourcesBuildPhase section */

/* Begin PBXSourcesBuildPhase section */
		3C9A2D4C2DDE113500A10D59 /* Sources */ = {
			isa = PBXSourcesBuildPhase;
			buildActionMask = 2147483647;
			files = (
			);
			runOnlyForDeploymentPostprocessing = 0;
		};
		3C9A2D592DDE113A00A10D59 /* Sources */ = {
			isa = PBXSourcesBuildPhase;
			buildActionMask = 2147483647;
			files = (
			);
			runOnlyForDeploymentPostprocessing = 0;
		};
		3C9A2D632DDE113A00A10D59 /* Sources */ = {
			isa = PBXSourcesBuildPhase;
			buildActionMask = 2147483647;
			files = (
			);
			runOnlyForDeploymentPostprocessing = 0;
		};
/* End PBXSourcesBuildPhase section */

/* Begin PBXTargetDependency section */
		3C9A2D5F2DDE113A00A10D59 /* PBXTargetDependency */ = {
			isa = PBXTargetDependency;
			target = 3C9A2D4F2DDE113500A10D59 /* MusicAI */;
			targetProxy = 3C9A2D5E2DDE113A00A10D59 /* PBXContainerItemProxy */;
		};
		3C9A2D692DDE113A00A10D59 /* PBXTargetDependency */ = {
			isa = PBXTargetDependency;
			target = 3C9A2D4F2DDE113500A10D59 /* MusicAI */;
			targetProxy = 3C9A2D682DDE113A00A10D59 /* PBXContainerItemProxy */;
		};
/* End PBXTargetDependency section */

/* Begin XCBuildConfiguration section */
		3C9A2D6F2DDE113A00A10D59 /* Debug */ = {
			isa = XCBuildConfiguration;
			buildSettings = {
				ALWAYS_SEARCH_USER_PATHS = NO;
				ASSETCATALOG_COMPILER_GENERATE_SWIFT_ASSET_SYMBOL_EXTENSIONS = YES;
				CLANG_ANALYZER_NONNULL = YES;
				CLANG_ANALYZER_NUMBER_OBJECT_CONVERSION = YES_AGGRESSIVE;
				CLANG_CXX_LANGUAGE_STANDARD = "gnu++20";
				CLANG_ENABLE_MODULES = YES;
				CLANG_ENABLE_OBJC_ARC = YES;
				CLANG_ENABLE_OBJC_WEAK = YES;
				CLANG_WARN_BLOCK_CAPTURE_AUTORELEASING = YES;
				CLANG_WARN_BOOL_CONVERSION = YES;
				CLANG_WARN_COMMA = YES;
				CLANG_WARN_CONSTANT_CONVERSION = YES;
				CLANG_WARN_DEPRECATED_OBJC_IMPLEMENTATIONS = YES;
				CLANG_WARN_DIRECT_OBJC_ISA_USAGE = YES_ERROR;
				CLANG_WARN_DOCUMENTATION_COMMENTS = YES;
				CLANG_WARN_EMPTY_BODY = YES;
				CLANG_WARN_ENUM_CONVERSION = YES;
				CLANG_WARN_INFINITE_RECURSION = YES;
				CLANG_WARN_INT_CONVERSION = YES;
				CLANG_WARN_NON_LITERAL_NULL_CONVERSION = YES;
				CLANG_WARN_OBJC_IMPLICIT_RETAIN_SELF = YES;
				CLANG_WARN_OBJC_LITERAL_CONVERSION = YES;
				CLANG_WARN_OBJC_ROOT_CLASS = YES_ERROR;
				CLANG_WARN_QUOTED_INCLUDE_IN_FRAMEWORK_HEADER = YES;
				CLANG_WARN_RANGE_LOOP_ANALYSIS = YES;
				CLANG_WARN_STRICT_PROTOTYPES = YES;
				CLANG_WARN_SUSPICIOUS_MOVE = YES;
				CLANG_WARN_UNGUARDED_AVAILABILITY = YES_AGGRESSIVE;
				CLANG_WARN_UNREACHABLE_CODE = YES;
				CLANG_WARN__DUPLICATE_METHOD_MATCH = YES;
				COPY_PHASE_STRIP = NO;
				DEBUG_INFORMATION_FORMAT = dwarf;
				DEVELOPMENT_TEAM = 2GDPPYTKZZ;
				ENABLE_STRICT_OBJC_MSGSEND = YES;
				ENABLE_TESTABILITY = YES;
				ENABLE_USER_SCRIPT_SANDBOXING = YES;
				GCC_C_LANGUAGE_STANDARD = gnu17;
				GCC_DYNAMIC_NO_PIC = NO;
				GCC_NO_COMMON_BLOCKS = YES;
				GCC_OPTIMIZATION_LEVEL = 0;
				GCC_PREPROCESSOR_DEFINITIONS = (
					"DEBUG=1",
					"$(inherited)",
				);
				GCC_WARN_64_TO_32_BIT_CONVERSION = YES;
				GCC_WARN_ABOUT_RETURN_TYPE = YES_ERROR;
				GCC_WARN_UNDECLARED_SELECTOR = YES;
				GCC_WARN_UNINITIALIZED_AUTOS = YES_AGGRESSIVE;
				GCC_WARN_UNUSED_FUNCTION = YES;
				GCC_WARN_UNUSED_VARIABLE = YES;
				IPHONEOS_DEPLOYMENT_TARGET = 18.4;
				LOCALIZATION_PREFERS_STRING_CATALOGS = YES;
				MTL_ENABLE_DEBUG_INFO = INCLUDE_SOURCE;
				MTL_FAST_MATH = YES;
				ONLY_ACTIVE_ARCH = YES;
				SDKROOT = iphoneos;
				SWIFT_ACTIVE_COMPILATION_CONDITIONS = "DEBUG $(inherited)";
				SWIFT_OPTIMIZATION_LEVEL = "-Onone";
			};
			name = Debug;
		};
		3C9A2D702DDE113A00A10D59 /* Release */ = {
			isa = XCBuildConfiguration;
			buildSettings = {
				ALWAYS_SEARCH_USER_PATHS = NO;
				ASSETCATALOG_COMPILER_GENERATE_SWIFT_ASSET_SYMBOL_EXTENSIONS = YES;
				CLANG_ANALYZER_NONNULL = YES;
				CLANG_ANALYZER_NUMBER_OBJECT_CONVERSION = YES_AGGRESSIVE;
				CLANG_CXX_LANGUAGE_STANDARD = "gnu++20";
				CLANG_ENABLE_MODULES = YES;
				CLANG_ENABLE_OBJC_ARC = YES;
				CLANG_ENABLE_OBJC_WEAK = YES;
				CLANG_WARN_BLOCK_CAPTURE_AUTORELEASING = YES;
				CLANG_WARN_BOOL_CONVERSION = YES;
				CLANG_WARN_COMMA = YES;
				CLANG_WARN_CONSTANT_CONVERSION = YES;
				CLANG_WARN_DEPRECATED_OBJC_IMPLEMENTATIONS = YES;
				CLANG_WARN_DIRECT_OBJC_ISA_USAGE = YES_ERROR;
				CLANG_WARN_DOCUMENTATION_COMMENTS = YES;
				CLANG_WARN_EMPTY_BODY = YES;
				CLANG_WARN_ENUM_CONVERSION = YES;
				CLANG_WARN_INFINITE_RECURSION = YES;
				CLANG_WARN_INT_CONVERSION = YES;
				CLANG_WARN_NON_LITERAL_NULL_CONVERSION = YES;
				CLANG_WARN_OBJC_IMPLICIT_RETAIN_SELF = YES;
				CLANG_WARN_OBJC_LITERAL_CONVERSION = YES;
				CLANG_WARN_OBJC_ROOT_CLASS = YES_ERROR;
				CLANG_WARN_QUOTED_INCLUDE_IN_FRAMEWORK_HEADER = YES;
				CLANG_WARN_RANGE_LOOP_ANALYSIS = YES;
				CLANG_WARN_STRICT_PROTOTYPES = YES;
				CLANG_WARN_SUSPICIOUS_MOVE = YES;
				CLANG_WARN_UNGUARDED_AVAILABILITY = YES_AGGRESSIVE;
				CLANG_WARN_UNREACHABLE_CODE = YES;
				CLANG_WARN__DUPLICATE_METHOD_MATCH = YES;
				COPY_PHASE_STRIP = NO;
				DEBUG_INFORMATION_FORMAT = "dwarf-with-dsym";
				DEVELOPMENT_TEAM = 2GDPPYTKZZ;
				ENABLE_NS_ASSERTIONS = NO;
				ENABLE_STRICT_OBJC_MSGSEND = YES;
				ENABLE_USER_SCRIPT_SANDBOXING = YES;
				GCC_C_LANGUAGE_STANDARD = gnu17;
				GCC_NO_COMMON_BLOCKS = YES;
				GCC_WARN_64_TO_32_BIT_CONVERSION = YES;
				GCC_WARN_ABOUT_RETURN_TYPE = YES_ERROR;
				GCC_WARN_UNDECLARED_SELECTOR = YES;
				GCC_WARN_UNINITIALIZED_AUTOS = YES_AGGRESSIVE;
				GCC_WARN_UNUSED_FUNCTION = YES;
				GCC_WARN_UNUSED_VARIABLE = YES;
				IPHONEOS_DEPLOYMENT_TARGET = 18.4;
				LOCALIZATION_PREFERS_STRING_CATALOGS = YES;
				MTL_ENABLE_DEBUG_INFO = NO;
				MTL_FAST_MATH = YES;
				SDKROOT = iphoneos;
				SWIFT_COMPILATION_MODE = wholemodule;
				VALIDATE_PRODUCT = YES;
			};
			name = Release;
		};
		3C9A2D722DDE113A00A10D59 /* Debug */ = {
			isa = XCBuildConfiguration;
			buildSettings = {
				ASSETCATALOG_COMPILER_APPICON_NAME = AppIcon;
				ASSETCATALOG_COMPILER_GLOBAL_ACCENT_COLOR_NAME = AccentColor;
				CODE_SIGN_STYLE = Automatic;
				CURRENT_PROJECT_VERSION = 1;
				DEVELOPMENT_TEAM = 2GDPPYTKZZ;
				ENABLE_PREVIEWS = YES;
				GENERATE_INFOPLIST_FILE = YES;
				INFOPLIST_KEY_UIApplicationSceneManifest_Generation = YES;
				INFOPLIST_KEY_UIApplicationSupportsIndirectInputEvents = YES;
				INFOPLIST_KEY_UILaunchScreen_Generation = YES;
				INFOPLIST_KEY_UISupportedInterfaceOrientations_iPad = "UIInterfaceOrientationPortrait UIInterfaceOrientationPortraitUpsideDown UIInterfaceOrientationLandscapeLeft UIInterfaceOrientationLandscapeRight";
				INFOPLIST_KEY_UISupportedInterfaceOrientations_iPhone = "UIInterfaceOrientationPortrait UIInterfaceOrientationLandscapeLeft UIInterfaceOrientationLandscapeRight";
				LD_RUNPATH_SEARCH_PATHS = (
					"$(inherited)",
					"@executable_path/Frameworks",
				);
				MARKETING_VERSION = 1.0;
				PRODUCT_BUNDLE_IDENTIFIER = ianlin.MusicAI;
				PRODUCT_NAME = "$(TARGET_NAME)";
				SWIFT_EMIT_LOC_STRINGS = YES;
				SWIFT_VERSION = 5.0;
				TARGETED_DEVICE_FAMILY = "1,2";
			};
			name = Debug;
		};
		3C9A2D732DDE113A00A10D59 /* Release */ = {
			isa = XCBuildConfiguration;
			buildSettings = {
				ASSETCATALOG_COMPILER_APPICON_NAME = AppIcon;
				ASSETCATALOG_COMPILER_GLOBAL_ACCENT_COLOR_NAME = AccentColor;
				CODE_SIGN_STYLE = Automatic;
				CURRENT_PROJECT_VERSION = 1;
				DEVELOPMENT_TEAM = 2GDPPYTKZZ;
				ENABLE_PREVIEWS = YES;
				GENERATE_INFOPLIST_FILE = YES;
				INFOPLIST_KEY_UIApplicationSceneManifest_Generation = YES;
				INFOPLIST_KEY_UIApplicationSupportsIndirectInputEvents = YES;
				INFOPLIST_KEY_UILaunchScreen_Generation = YES;
				INFOPLIST_KEY_UISupportedInterfaceOrientations_iPad = "UIInterfaceOrientationPortrait UIInterfaceOrientationPortraitUpsideDown UIInterfaceOrientationLandscapeLeft UIInterfaceOrientationLandscapeRight";
				INFOPLIST_KEY_UISupportedInterfaceOrientations_iPhone = "UIInterfaceOrientationPortrait UIInterfaceOrientationLandscapeLeft UIInterfaceOrientationLandscapeRight";
				LD_RUNPATH_SEARCH_PATHS = (
					"$(inherited)",
					"@executable_path/Frameworks",
				);
				MARKETING_VERSION = 1.0;
				PRODUCT_BUNDLE_IDENTIFIER = ianlin.MusicAI;
				PRODUCT_NAME = "$(TARGET_NAME)";
				SWIFT_EMIT_LOC_STRINGS = YES;
				SWIFT_VERSION = 5.0;
				TARGETED_DEVICE_FAMILY = "1,2";
			};
			name = Release;
		};
		3C9A2D752DDE113A00A10D59 /* Debug */ = {
			isa = XCBuildConfiguration;
			buildSettings = {
				BUNDLE_LOADER = "$(TEST_HOST)";
				CODE_SIGN_STYLE = Automatic;
				CURRENT_PROJECT_VERSION = 1;
				DEVELOPMENT_TEAM = 2GDPPYTKZZ;
				GENERATE_INFOPLIST_FILE = YES;
				IPHONEOS_DEPLOYMENT_TARGET = 18.4;
				MARKETING_VERSION = 1.0;
				PRODUCT_BUNDLE_IDENTIFIER = ianlin.MusicAITests;
				PRODUCT_NAME = "$(TARGET_NAME)";
				SWIFT_EMIT_LOC_STRINGS = NO;
				SWIFT_VERSION = 5.0;
				TARGETED_DEVICE_FAMILY = "1,2";
				TEST_HOST = "$(BUILT_PRODUCTS_DIR)/MusicAI.app/$(BUNDLE_EXECUTABLE_FOLDER_PATH)/MusicAI";
			};
			name = Debug;
		};
		3C9A2D762DDE113A00A10D59 /* Release */ = {
			isa = XCBuildConfiguration;
			buildSettings = {
				BUNDLE_LOADER = "$(TEST_HOST)";
				CODE_SIGN_STYLE = Automatic;
				CURRENT_PROJECT_VERSION = 1;
				DEVELOPMENT_TEAM = 2GDPPYTKZZ;
				GENERATE_INFOPLIST_FILE = YES;
				IPHONEOS_DEPLOYMENT_TARGET = 18.4;
				MARKETING_VERSION = 1.0;
				PRODUCT_BUNDLE_IDENTIFIER = ianlin.MusicAITests;
				PRODUCT_NAME = "$(TARGET_NAME)";
				SWIFT_EMIT_LOC_STRINGS = NO;
				SWIFT_VERSION = 5.0;
				TARGETED_DEVICE_FAMILY = "1,2";
				TEST_HOST = "$(BUILT_PRODUCTS_DIR)/MusicAI.app/$(BUNDLE_EXECUTABLE_FOLDER_PATH)/MusicAI";
			};
			name = Release;
		};
		3C9A2D782DDE113A00A10D59 /* Debug */ = {
			isa = XCBuildConfiguration;
			buildSettings = {
				CODE_SIGN_STYLE = Automatic;
				CURRENT_PROJECT_VERSION = 1;
				DEVELOPMENT_TEAM = 2GDPPYTKZZ;
				GENERATE_INFOPLIST_FILE = YES;
				MARKETING_VERSION = 1.0;
				PRODUCT_BUNDLE_IDENTIFIER = ianlin.MusicAIUITests;
				PRODUCT_NAME = "$(TARGET_NAME)";
				SWIFT_EMIT_LOC_STRINGS = NO;
				SWIFT_VERSION = 5.0;
				TARGETED_DEVICE_FAMILY = "1,2";
				TEST_TARGET_NAME = MusicAI;
			};
			name = Debug;
		};
		3C9A2D792DDE113A00A10D59 /* Release */ = {
			isa = XCBuildConfiguration;
			buildSettings = {
				CODE_SIGN_STYLE = Automatic;
				CURRENT_PROJECT_VERSION = 1;
				DEVELOPMENT_TEAM = 2GDPPYTKZZ;
				GENERATE_INFOPLIST_FILE = YES;
				MARKETING_VERSION = 1.0;
				PRODUCT_BUNDLE_IDENTIFIER = ianlin.MusicAIUITests;
				PRODUCT_NAME = "$(TARGET_NAME)";
				SWIFT_EMIT_LOC_STRINGS = NO;
				SWIFT_VERSION = 5.0;
				TARGETED_DEVICE_FAMILY = "1,2";
				TEST_TARGET_NAME = MusicAI;
			};
			name = Release;
		};
/* End XCBuildConfiguration section */

/* Begin XCConfigurationList section */
		3C9A2D4B2DDE113500A10D59 /* Build configuration list for PBXProject "MusicAI" */ = {
			isa = XCConfigurationList;
			buildConfigurations = (
				3C9A2D6F2DDE113A00A10D59 /* Debug */,
				3C9A2D702DDE113A00A10D59 /* Release */,
			);
			defaultConfigurationIsVisible = 0;
			defaultConfigurationName = Release;
		};
		3C9A2D712DDE113A00A10D59 /* Build configuration list for PBXNativeTarget "MusicAI" */ = {
			isa = XCConfigurationList;
			buildConfigurations = (
				3C9A2D722DDE113A00A10D59 /* Debug */,
				3C9A2D732DDE113A00A10D59 /* Release */,
			);
			defaultConfigurationIsVisible = 0;
			defaultConfigurationName = Release;
		};
		3C9A2D742DDE113A00A10D59 /* Build configuration list for PBXNativeTarget "MusicAITests" */ = {
			isa = XCConfigurationList;
			buildConfigurations = (
				3C9A2D752DDE113A00A10D59 /* Debug */,
				3C9A2D762DDE113A00A10D59 /* Release */,
			);
			defaultConfigurationIsVisible = 0;
			defaultConfigurationName = Release;
		};
		3C9A2D772DDE113A00A10D59 /* Build configuration list for PBXNativeTarget "MusicAIUITests" */ = {
			isa = XCConfigurationList;
			buildConfigurations = (
				3C9A2D782DDE113A00A10D59 /* Debug */,
				3C9A2D792DDE113A00A10D59 /* Release */,
			);
			defaultConfigurationIsVisible = 0;
			defaultConfigurationName = Release;
		};
/* End XCConfigurationList section */
	};
	rootObject = 3C9A2D482DDE113500A10D59 /* Project object */;
}
